
Microsoft Visual Studio Solution File, Format Version 12.00
# Visual Studio Version 17
VisualStudioVersion = 17.3.32825.248
MinimumVisualStudioVersion = 10.0.40219.1
Project("{FAE04EC0-301F-11D3-BF4B-00C04F79EFBC}") = "chip8Emulator", "chip8Emulator\chip8Emulator.csproj", "{0ACA7447-0339-47E2-AA89-80DF74F4C2CB}"
EndProject
Global
	GlobalSection(SolutionConfigurationPlatforms) = preSolution
		Debug|Any CPU = Debug|Any CPU
		Release|Any CPU = Release|Any CPU
	EndGlobalSection
	GlobalSection(ProjectConfigurationPlatforms) = postSolution
		{0ACA7447-0339-47E2-AA89-80DF74F4C2CB}.Debug|Any CPU.ActiveCfg = Debug|Any CPU
		{0ACA7447-0339-47E2-AA89-80DF74F4C2CB}.Debug|Any CPU.Build.0 = Debug|Any CPU
		{0ACA7447-0339-47E2-AA89-80DF74F4C2CB}.Release|Any CPU.ActiveCfg = Release|Any CPU
		{0ACA7447-0339-47E2-AA89-80DF74F4C2CB}.Release|Any CPU.Build.0 = Release|Any CPU
	EndGlobalSection
	GlobalSection(SolutionProperties) = preSolution
		HideSolutionNode = FALSE
	EndGlobalSection
	GlobalSection(ExtensibilityGlobals) = postSolution
		SolutionGuid = {F7D3FDE5-4061-4D6F-8C86-CE13113D8199}
	EndGlobalSection
EndGlobal
